
Microsoft Visual Studio Solution File, Format Version 12.00
# Visual Studio 15
VisualStudioVersion = 15.0.28307.1340
MinimumVisualStudioVersion = 10.0.40219.1
Project("{9A19103F-16F7-4668-BE54-9A1E7A4F7556}") = "BookMyShow", "BookMyShow\BookMyShow.csproj", "{1CF86C09-77EE-4165-8402-FBDAA0D419EE}"
EndProject
Project("{FAE04EC0-301F-11D3-BF4B-00C04F79EFBC}") = "BookMyShow.Tests", "BookMyShow.Tests\BookMyShow.Tests.csproj", "{469AD53B-77DA-4AB1-BE00-8F02A3C3B972}"
EndProject
Global
	GlobalSection(SolutionConfigurationPlatforms) = preSolution
		Debug|Any CPU = Debug|Any CPU
		Release|Any CPU = Release|Any CPU
	EndGlobalSection
	GlobalSection(ProjectConfigurationPlatforms) = postSolution
		{1CF86C09-77EE-4165-8402-FBDAA0D419EE}.Debug|Any CPU.ActiveCfg = Debug|Any CPU
		{1CF86C09-77EE-4165-8402-FBDAA0D419EE}.Debug|Any CPU.Build.0 = Debug|Any CPU
		{1CF86C09-77EE-4165-8402-FBDAA0D419EE}.Release|Any CPU.ActiveCfg = Release|Any CPU
		{1CF86C09-77EE-4165-8402-FBDAA0D419EE}.Release|Any CPU.Build.0 = Release|Any CPU
		{469AD53B-77DA-4AB1-BE00-8F02A3C3B972}.Debug|Any CPU.ActiveCfg = Debug|Any CPU
		{469AD53B-77DA-4AB1-BE00-8F02A3C3B972}.Debug|Any CPU.Build.0 = Debug|Any CPU
		{469AD53B-77DA-4AB1-BE00-8F02A3C3B972}.Release|Any CPU.ActiveCfg = Release|Any CPU
		{469AD53B-77DA-4AB1-BE00-8F02A3C3B972}.Release|Any CPU.Build.0 = Release|Any CPU
	EndGlobalSection
	GlobalSection(SolutionProperties) = preSolution
		HideSolutionNode = FALSE
	EndGlobalSection
	GlobalSection(ExtensibilityGlobals) = postSolution
		SolutionGuid = {031BEBE0-BD61-45DC-A095-8CD73FD0489D}
	EndGlobalSection
EndGlobal
